
Microsoft Visual Studio Solution File, Format Version 12.00
# Visual Studio Version 16
VisualStudioVersion = 16.0.33027.164
MinimumVisualStudioVersion = 10.0.40219.1
Project("{9A19103F-16F7-4668-BE54-9A1E7A4F7556}") = "CarRentalManagement.Server", "CarRentalManagement\Server\CarRentalManagement.Server.csproj", "{B5165DDF-459B-432D-AB87-58B2FA22DF1C}"
EndProject
Project("{9A19103F-16F7-4668-BE54-9A1E7A4F7556}") = "CarRentalManagement.Client", "CarRentalManagement\Client\CarRentalManagement.Client.csproj", "{0956AA6F-91BE-4ACB-B963-E7317FD04BAD}"
EndProject
Project("{9A19103F-16F7-4668-BE54-9A1E7A4F7556}") = "CarRentalManagement.Shared", "CarRentalManagement\Shared\CarRentalManagement.Shared.csproj", "{1CD788B0-9AC3-496D-891B-12400D390A00}"
EndProject
Global
	GlobalSection(SolutionConfigurationPlatforms) = preSolution
		Debug|Any CPU = Debug|Any CPU
		Release|Any CPU = Release|Any CPU
	EndGlobalSection
	GlobalSection(ProjectConfigurationPlatforms) = postSolution
		{B5165DDF-459B-432D-AB87-58B2FA22DF1C}.Debug|Any CPU.ActiveCfg = Debug|Any CPU
		{B5165DDF-459B-432D-AB87-58B2FA22DF1C}.Debug|Any CPU.Build.0 = Debug|Any CPU
		{B5165DDF-459B-432D-AB87-58B2FA22DF1C}.Release|Any CPU.ActiveCfg = Release|Any CPU
		{B5165DDF-459B-432D-AB87-58B2FA22DF1C}.Release|Any CPU.Build.0 = Release|Any CPU
		{0956AA6F-91BE-4ACB-B963-E7317FD04BAD}.Debug|Any CPU.ActiveCfg = Debug|Any CPU
		{0956AA6F-91BE-4ACB-B963-E7317FD04BAD}.Debug|Any CPU.Build.0 = Debug|Any CPU
		{0956AA6F-91BE-4ACB-B963-E7317FD04BAD}.Release|Any CPU.ActiveCfg = Release|Any CPU
		{0956AA6F-91BE-4ACB-B963-E7317FD04BAD}.Release|Any CPU.Build.0 = Release|Any CPU
		{1CD788B0-9AC3-496D-891B-12400D390A00}.Debug|Any CPU.ActiveCfg = Debug|Any CPU
		{1CD788B0-9AC3-496D-891B-12400D390A00}.Debug|Any CPU.Build.0 = Debug|Any CPU
		{1CD788B0-9AC3-496D-891B-12400D390A00}.Release|Any CPU.ActiveCfg = Release|Any CPU
		{1CD788B0-9AC3-496D-891B-12400D390A00}.Release|Any CPU.Build.0 = Release|Any CPU
	EndGlobalSection
	GlobalSection(SolutionProperties) = preSolution
		HideSolutionNode = FALSE
	EndGlobalSection
	GlobalSection(ExtensibilityGlobals) = postSolution
		SolutionGuid = {FE755D25-BE23-48FE-A6A4-1425A6A3ABCE}
	EndGlobalSection
EndGlobal
